
Microsoft Visual Studio Solution File, Format Version 12.00
# Visual Studio Version 16
VisualStudioVersion = 16.0.30413.136
MinimumVisualStudioVersion = 10.0.40219.1
Project("{FAE04EC0-301F-11D3-BF4B-00C04F79EFBC}") = "CharlieWeek5group", "CharlieWeek5group.csproj", "{9B4BE2DA-35D5-4310-8638-8A0358DDBA43}"
EndProject
Global
	GlobalSection(SolutionConfigurationPlatforms) = preSolution
		Debug|Any CPU = Debug|Any CPU
		Release|Any CPU = Release|Any CPU
	EndGlobalSection
	GlobalSection(ProjectConfigurationPlatforms) = postSolution
		{9B4BE2DA-35D5-4310-8638-8A0358DDBA43}.Debug|Any CPU.ActiveCfg = Debug|Any CPU
		{9B4BE2DA-35D5-4310-8638-8A0358DDBA43}.Debug|Any CPU.Build.0 = Debug|Any CPU
		{9B4BE2DA-35D5-4310-8638-8A0358DDBA43}.Release|Any CPU.ActiveCfg = Release|Any CPU
		{9B4BE2DA-35D5-4310-8638-8A0358DDBA43}.Release|Any CPU.Build.0 = Release|Any CPU
	EndGlobalSection
	GlobalSection(SolutionProperties) = preSolution
		HideSolutionNode = FALSE
	EndGlobalSection
	GlobalSection(ExtensibilityGlobals) = postSolution
		SolutionGuid = {82BCD799-6B1F-4D3E-8B13-BC702BA193AF}
	EndGlobalSection
EndGlobal
